
Microsoft Visual Studio Solution File, Format Version 12.00
# Visual Studio Version 17
VisualStudioVersion = 17.8.34330.188
MinimumVisualStudioVersion = 10.0.40219.1
Project("{FAE04EC0-301F-11D3-BF4B-00C04F79EFBC}") = "Nuget.RequestResponseMiddleware.Libray", "Nuget.RequestResponseMiddleware.Libray\Nuget.RequestResponseMiddleware.Libray.csproj", "{EA68B76D-8009-40CF-8C5B-96DC98D42D11}"
EndProject
Global
	GlobalSection(SolutionConfigurationPlatforms) = preSolution
		Debug|Any CPU = Debug|Any CPU
		Release|Any CPU = Release|Any CPU
	EndGlobalSection
	GlobalSection(ProjectConfigurationPlatforms) = postSolution
		{EA68B76D-8009-40CF-8C5B-96DC98D42D11}.Debug|Any CPU.ActiveCfg = Debug|Any CPU
		{EA68B76D-8009-40CF-8C5B-96DC98D42D11}.Debug|Any CPU.Build.0 = Debug|Any CPU
		{EA68B76D-8009-40CF-8C5B-96DC98D42D11}.Release|Any CPU.ActiveCfg = Release|Any CPU
		{EA68B76D-8009-40CF-8C5B-96DC98D42D11}.Release|Any CPU.Build.0 = Release|Any CPU
	EndGlobalSection
	GlobalSection(SolutionProperties) = preSolution
		HideSolutionNode = FALSE
	EndGlobalSection
	GlobalSection(ExtensibilityGlobals) = postSolution
		SolutionGuid = {6E1D5D25-C1C0-4FB9-89D2-CCF73013A803}
	EndGlobalSection
EndGlobal
